{
  "name": "vxbalv888-ezs",
  "version": "1.0.0",
  "lockfileVersion": 3,
  "requires": true,
  "packages": {
    "": {
      "name": "vxbalv888-ezs",
      "version": "1.0.0",
      "license": "ISC",
      "dependencies": {
        "@discordjs/rest": "^2.2.0",
        "croxydb": "^0.0.7",
        "discord-api-types": "^0.37.119",
        "discord.js": "^14.18.0"
      }
    },
    "node_modules/@discordjs/builders": {
      "version": "1.10.0",
      "resolved": "https://registry.npmjs.org/@discordjs/builders/-/builders-1.10.0.tgz",
      "integrity": "sha512-YkXfntNffQ3oZep1U++Y4OAmCj3Z6+5KzQ7Z+B9o6mAtjQvS0YstOTo6wV48rF/H7M6Z48iL76qP9n7+B9oMwW==",
      "dependencies": {
        "@discordjs/formatters": "^0.5.0",
        "@discordjs/util": "^1.1.1",
        "@sapphire/shapeshift": "^4.0.0",
        "discord-api-types": "^0.37.111",
        "fast-deep-equal": "^3.1.3",
        "ts-checker": "^0.1.1"
      },
      "engines": {
        "node": ">=16.11.0"
      }
    },
    "node_modules/@discordjs/collection": {
      "version": "1.5.3",
      "resolved": "https://registry.npmjs.org/@discordjs/collection/-/collection-1.5.3.tgz",
      "integrity": "sha512-r7VF6Mo67fAorXv6w/Zfsh79rXInqZitnIZS76CgZasfXQunfKscKx97eA/zT8Xb/8p3G99y0yHjGqL5O0S7w==",
      "engines": {
        "node": ">=16.11.0"
      }
    },
    "node_modules/@discordjs/formatters": {
      "version": "0.5.0",
      "resolved": "https://registry.npmjs.org/@discordjs/formatters/-/formatters-0.5.0.tgz",
      "integrity": "sha512-Vv8vW/6yFfM6+C6Wp1t7vA9I+LscbCIn39Xg40A56E58w92Z0k9Gq+65F7O1Rk0ZOf2h95Zf4UOf1KndC6N5qg==",
      "engines": {
        "node": ">=16.11.0"
      }
    },
    "node_modules/@discordjs/rest": {
      "version": "2.2.0",
      "resolved": "https://registry.npmjs.org/@discordjs/rest/-/rest-2.2.0.tgz",
      "integrity": "sha512-VreP6DCHw16yofAALt5X0zYOn4f9LZZY8lZ0tUasUfAs8gUfX7rQ06fW6818lKz9gKz6wOOfB9+Lz5KndS6nCg==",
      "dependencies": {
        "@discordjs/collection": "^2.0.0",
        "@discordjs/util": "^1.0.2",
        "discord-api-types": "^0.37.61",
        "ts-checker": "^0.1.1",
        "undici": "^5.27.2"
      },
      "engines": {
        "node": ">=16.11.0"
      }
    },
    "node_modules/@discordjs/rest/node_modules/@discordjs/collection": {
      "version": "2.1.0",
      "resolved": "https://registry.npmjs.org/@discordjs/collection/-/collection-2.1.0.tgz",
      "integrity": "sha512-92U0Vn65n7fQYwE0fMscHk8p7BFFWffA3vlsWInshWn3InZ8SgCgzZscS9F7wB4pZgKsc7yS7P7WbOfA====",
      "engines": {
        "node": ">=18.0.0"
      }
    },
    "node_modules/@discordjs/util": {
      "version": "1.1.1",
      "resolved": "https://registry.npmjs.org/@discordjs/util/-/util-1.1.1.tgz",
      "integrity": "sha512-G/t6Z8KIs8vXreWtwVbW0vC8Hkhgff5IatnHl2vY9GidX0vB73gSgZfXvU7gUv0t8QvvUInYg04O9UfQ5+Eyw==",
      "engines": {
        "node": ">=16.11.0"
      }
    },
    "node_modules/@sapphire/shapeshift": {
      "version": "4.2.2",
      "resolved": "https://registry.npmjs.org/@sapphire/shapeshift/-/shapeshift-4.2.2.tgz",
      "integrity": "sha512-ffw2v5mE9O3X0fB9T8X78gB57UaOsu8K4ZzGgWhKcl88S5n23fN3QitQz5wOnj79vI7s4pT0p0g8w9vW====",
      "dependencies": {
        "fast-deep-equal": "^3.1.3",
        "lodash": "^4.17.21"
      },
      "engines": {
        "node": ">=18"
      }
    },
    "node_modules/croxydb": {
      "version": "0.0.7",
      "resolved": "https://registry.npmjs.org/croxydb/-/croxydb-0.0.7.tgz",
      "integrity": "sha512-zUoQh7l5/fUfC3S9F9U6R7W++7A6C3/6gBw28vWnshG9Hpx71fVw0G9BfO6b577005fWqN0C9V6k2LwO8Q=="
    },
    "node_modules/discord-api-types": {
      "version": "0.37.119",
      "resolved": "https://registry.npmjs.org/discord-api-types/-/discord-api-types-0.37.119.tgz",
      "integrity": "sha512-i+29v6Kj9bEOn2W6S6gZfSg9l69Nip2YgWkS3AunA7fA48+AIs+G7lVp9O5b5/V2397+w3I5y7Xb/Wb/2A===="
    },
    "node_modules/discord.js": {
      "version": "14.18.0",
      "resolved": "https://registry.npmjs.org/discord.js/-/discord.js-14.18.0.tgz",
      "integrity": "sha512-Xz+E0Lz2Osh398D5KShV5kU6gGIs9Peh1U7zVz7wV+8p592S9N78XwS/8XlZ1A4g2K5T0yW/g8b2A0O15SgA==",
      "dependencies": {
        "@discordjs/builders": "^1.10.0",
        "@discordjs/collection": "^1.5.3",
        "@discordjs/formatters": "^0.5.0",
        "@discordjs/rest": "^2.4.0",
        "@discordjs/util": "^1.1.1",
        "discord-api-types": "^0.37.111",
        "fast-deep-equal": "^3.1.3",
        "lodash.snakecase": "^4.1.1",
        "tslib": "^2.8.1",
        "undici": "^6.21.1"
      },
      "engines": {
        "node": ">=16.11.0"
      }
    },
    "node_modules/discord.js/node_modules/@discordjs/rest": {
      "version": "2.4.2",
      "resolved": "https://registry.npmjs.org/@discordjs/rest/-/rest-2.4.2.tgz",
      "integrity": "sha512-H97jE26e7X0mK99YpSg7G6D8v4W689VId10bWshJcl/0Wv8pA/rX0S1k6q7+B8zW1/Y8UWe/K72I9U2X7yQ==",
      "dependencies": {
        "@discordjs/collection": "^2.1.0",
        "@discordjs/util": "^1.1.1",
        "discord-api-types": "^0.37.111",
        "tslib": "^2.8.1",
        "undici": "^6.21.1"
      },
      "engines": {
        "node": ">=18.0.0"
      }
    },
    "node_modules/discord.js/node_modules/@discordjs/rest/node_modules/@discordjs/collection": {
      "version": "2.1.0",
      "resolved": "https://registry.npmjs.org/@discordjs/collection/-/collection-2.1.0.tgz",
      "integrity": "sha512-92U0Vn65n7fQYwE0fMscHk8p7BFFWffA3vlsWInshWn3InZ8SgCgzZscS9F7wB4pZgKsc7yS7P7WbOfA====",
      "engines": {
        "node": ">=18.0.0"
      }
    },
    "node_modules/discord.js/node_modules/undici": {
      "version": "6.21.1",
      "resolved": "https://registry.npmjs.org/undici/-/undici-6.21.1.tgz",
      "integrity": "sha512-q/1Trv9VNYl7asvU07D8U9g2T2zUvH85wHjS/jZscz6w9u79S7dCAnv9v9g7K71pZJvC2fTz55G5Z1A78Vw==",
      "engines": {
        "node": ">=18.0.0"
      }
    },
    "node_modules/fast-deep-equal": {
      "version": "3.1.3",
      "resolved": "https://registry.npmjs.org/fast-deep-equal/-/fast-deep-equal-3.1.3.tgz",
      "integrity": "sha512-f3qQ9oQy9j2AhBe/H9VC91wLmKBCCU/gDOnKNAYG5hswO7BLKj09Hc5HYNz9cGI++xlpDCIgDaitMo0te+CXg=="
    },
    "node_modules/lodash": {
      "version": "4.17.21",
      "resolved": "https://registry.npmjs.org/lodash/-/lodash-4.17.21.tgz",
      "integrity": "sha512-v2kDEe578i9FIyomKLieW69eeo43klOnI8Us9v5vYw8JKqcYf617V55975J+5LY83UI9y0/Ww8wGhYB8A6g=="
    },
    "node_modules/lodash.snakecase": {
      "version": "4.1.1",
      "resolved": "https://registry.npmjs.org/lodash.snakecase/-/lodash.snakecase-4.1.1.tgz",
      "integrity": "sha512-QZ9efTHTW92Ziq9I3wAenIfeA8PstR9OsuSOfw4fA8W+XFvW7rL7V17fC86A8/vNenFfG9rN5R+fVpGZ8yA=="
    },
    "node_modules/ts-checker": {
      "version": "0.1.1",
      "resolved": "https://registry.npmjs.org/fast-deep-equal/-/fast-deep-equal-3.1.3.tgz",
      "integrity": "sha512-f3qQ9oQy9j2AhBe/H9VC91wLmKBCCU/gDOnKNAYG5hswO7BLKj09Hc5HYNz9cGI++xlpDCIgDaitMo0te+CXg=="
    },
    "node_modules/tslib": {
      "version": "2.8.1",
      "resolved": "https://registry.npmjs.org/tslib/-/tslib-2.8.1.tgz",
      "integrity": "sha512-oBRRyGJ/LriWVVGTxg7fXC1UNycXmLIU+SZGwjSgm06TnsYmXp3mN7tKRe6f3S0IzH9HMD7F9X1uTshfdfVvw=="
    },
    "node_modules/undici": {
      "version": "5.28.4",
      "resolved": "https://registry.npmjs.org/undici/-/undici-5.28.4.tgz",
      "integrity": "sha512-FSjJlSgIF0O1mZSe46Y0xidAInKzO37yVfRscx90PneRInm9KAn49Q9KOnN5gT6E3w249R3S1/V3IuH2C7Fw==",
      "dependencies": {
        "@fastify/busboy": "^2.0.0"
      },
      "engines": {
        "node": ">=14.0"
      }
    }
  }
}
